
Microsoft Visual Studio Solution File, Format Version 12.00
# Visual Studio 15
Project("{FAE04EC0-301F-11D3-BF4B-00C04F79EFBC}") = "dayOneProject", "dayOneProject\dayOneProject.csproj", "{ACCD55D5-6AD7-4944-A184-317E99C9764A}"
EndProject
Project("{FAE04EC0-301F-11D3-BF4B-00C04F79EFBC}") = "pigLatin", "pigLatin\pigLatin.csproj", "{8CF6B5BF-C9F8-4DA9-B951-61C816849871}"
EndProject
Project("{FAE04EC0-301F-11D3-BF4B-00C04F79EFBC}") = "PaperRockScissors", "PaperRockScissors\PaperRockScissors.csproj", "{7F563393-722A-45EA-9841-E907F4C9BFB3}"
EndProject
Project("{FAE04EC0-301F-11D3-BF4B-00C04F79EFBC}") = "ticTacToe", "ticTacToe\ticTacToe.csproj", "{EEEED993-6FF6-4215-A013-441CF007E8FD}"
EndProject
Project("{FAE04EC0-301F-11D3-BF4B-00C04F79EFBC}") = "masterMind", "masterMind\masterMind.csproj", "{E6BACAF0-5E65-41AA-A9BE-D931A891C862}"
EndProject
Project("{FAE04EC0-301F-11D3-BF4B-00C04F79EFBC}") = "gradeBook", "gradeBook\gradeBook.csproj", "{89912ED9-869D-4D93-82AD-DDD41EBA0E76}"
EndProject
Project("{FAE04EC0-301F-11D3-BF4B-00C04F79EFBC}") = "towersOfHanoi", "towersOfHanoi\towersOfHanoi.csproj", "{D035EC01-2A44-45DA-8653-675644FDB60D}"
EndProject
Project("{FAE04EC0-301F-11D3-BF4B-00C04F79EFBC}") = "classes", "classes\classes.csproj", "{E60AECAC-DC82-4D56-8C57-4CF8B4C8B0EA}"
EndProject
Project("{FAE04EC0-301F-11D3-BF4B-00C04F79EFBC}") = "ToDoItems", "ToDoItems\ToDoItems.csproj", "{9A43E7D9-33D5-410E-8CCC-07F90CA947BD}"
EndProject
Project("{FAE04EC0-301F-11D3-BF4B-00C04F79EFBC}") = "superVillain", "superVillan\superVillain.csproj", "{7CD1BEB6-61AA-419D-856B-3DA303F9E294}"
EndProject
Global
	GlobalSection(SolutionConfigurationPlatforms) = preSolution
		Debug|Any CPU = Debug|Any CPU
		Release|Any CPU = Release|Any CPU
	EndGlobalSection
	GlobalSection(ProjectConfigurationPlatforms) = postSolution
		{ACCD55D5-6AD7-4944-A184-317E99C9764A}.Debug|Any CPU.ActiveCfg = Debug|Any CPU
		{ACCD55D5-6AD7-4944-A184-317E99C9764A}.Debug|Any CPU.Build.0 = Debug|Any CPU
		{ACCD55D5-6AD7-4944-A184-317E99C9764A}.Release|Any CPU.ActiveCfg = Release|Any CPU
		{ACCD55D5-6AD7-4944-A184-317E99C9764A}.Release|Any CPU.Build.0 = Release|Any CPU
		{8CF6B5BF-C9F8-4DA9-B951-61C816849871}.Debug|Any CPU.ActiveCfg = Debug|Any CPU
		{8CF6B5BF-C9F8-4DA9-B951-61C816849871}.Debug|Any CPU.Build.0 = Debug|Any CPU
		{8CF6B5BF-C9F8-4DA9-B951-61C816849871}.Release|Any CPU.ActiveCfg = Release|Any CPU
		{8CF6B5BF-C9F8-4DA9-B951-61C816849871}.Release|Any CPU.Build.0 = Release|Any CPU
		{7F563393-722A-45EA-9841-E907F4C9BFB3}.Debug|Any CPU.ActiveCfg = Debug|Any CPU
		{7F563393-722A-45EA-9841-E907F4C9BFB3}.Debug|Any CPU.Build.0 = Debug|Any CPU
		{7F563393-722A-45EA-9841-E907F4C9BFB3}.Release|Any CPU.ActiveCfg = Release|Any CPU
		{7F563393-722A-45EA-9841-E907F4C9BFB3}.Release|Any CPU.Build.0 = Release|Any CPU
		{EEEED993-6FF6-4215-A013-441CF007E8FD}.Debug|Any CPU.ActiveCfg = Debug|Any CPU
		{EEEED993-6FF6-4215-A013-441CF007E8FD}.Debug|Any CPU.Build.0 = Debug|Any CPU
		{EEEED993-6FF6-4215-A013-441CF007E8FD}.Release|Any CPU.ActiveCfg = Release|Any CPU
		{EEEED993-6FF6-4215-A013-441CF007E8FD}.Release|Any CPU.Build.0 = Release|Any CPU
		{E6BACAF0-5E65-41AA-A9BE-D931A891C862}.Debug|Any CPU.ActiveCfg = Debug|Any CPU
		{E6BACAF0-5E65-41AA-A9BE-D931A891C862}.Debug|Any CPU.Build.0 = Debug|Any CPU
		{E6BACAF0-5E65-41AA-A9BE-D931A891C862}.Release|Any CPU.ActiveCfg = Release|Any CPU
		{E6BACAF0-5E65-41AA-A9BE-D931A891C862}.Release|Any CPU.Build.0 = Release|Any CPU
		{89912ED9-869D-4D93-82AD-DDD41EBA0E76}.Debug|Any CPU.ActiveCfg = Debug|Any CPU
		{89912ED9-869D-4D93-82AD-DDD41EBA0E76}.Debug|Any CPU.Build.0 = Debug|Any CPU
		{89912ED9-869D-4D93-82AD-DDD41EBA0E76}.Release|Any CPU.ActiveCfg = Release|Any CPU
		{89912ED9-869D-4D93-82AD-DDD41EBA0E76}.Release|Any CPU.Build.0 = Release|Any CPU
		{D035EC01-2A44-45DA-8653-675644FDB60D}.Debug|Any CPU.ActiveCfg = Debug|Any CPU
		{D035EC01-2A44-45DA-8653-675644FDB60D}.Debug|Any CPU.Build.0 = Debug|Any CPU
		{D035EC01-2A44-45DA-8653-675644FDB60D}.Release|Any CPU.ActiveCfg = Release|Any CPU
		{D035EC01-2A44-45DA-8653-675644FDB60D}.Release|Any CPU.Build.0 = Release|Any CPU
		{E60AECAC-DC82-4D56-8C57-4CF8B4C8B0EA}.Debug|Any CPU.ActiveCfg = Debug|Any CPU
		{E60AECAC-DC82-4D56-8C57-4CF8B4C8B0EA}.Debug|Any CPU.Build.0 = Debug|Any CPU
		{E60AECAC-DC82-4D56-8C57-4CF8B4C8B0EA}.Release|Any CPU.ActiveCfg = Release|Any CPU
		{E60AECAC-DC82-4D56-8C57-4CF8B4C8B0EA}.Release|Any CPU.Build.0 = Release|Any CPU
		{9A43E7D9-33D5-410E-8CCC-07F90CA947BD}.Debug|Any CPU.ActiveCfg = Debug|Any CPU
		{9A43E7D9-33D5-410E-8CCC-07F90CA947BD}.Debug|Any CPU.Build.0 = Debug|Any CPU
		{9A43E7D9-33D5-410E-8CCC-07F90CA947BD}.Release|Any CPU.ActiveCfg = Release|Any CPU
		{9A43E7D9-33D5-410E-8CCC-07F90CA947BD}.Release|Any CPU.Build.0 = Release|Any CPU
		{7CD1BEB6-61AA-419D-856B-3DA303F9E294}.Debug|Any CPU.ActiveCfg = Debug|Any CPU
		{7CD1BEB6-61AA-419D-856B-3DA303F9E294}.Debug|Any CPU.Build.0 = Debug|Any CPU
		{7CD1BEB6-61AA-419D-856B-3DA303F9E294}.Release|Any CPU.ActiveCfg = Release|Any CPU
		{7CD1BEB6-61AA-419D-856B-3DA303F9E294}.Release|Any CPU.Build.0 = Release|Any CPU
	EndGlobalSection
EndGlobal
